// !$*UTF8*$!
{
	archiveVersion = 1;
	classes = {
	};
	objectVersion = 46;
	objects = {

/* Begin PBXBuildFile section */
		7A8C082019D6268500E7FBC6 /* AppDelegate.swift in Sources */ = {isa = PBXBuildFile; fileRef = 7A8C081F19D6268500E7FBC6 /* AppDelegate.swift */; };
		7A8C082219D6268500E7FBC6 /* ViewController.swift in Sources */ = {isa = PBXBuildFile; fileRef = 7A8C082119D6268500E7FBC6 /* ViewController.swift */; };
		7A8C082519D6268500E7FBC6 /* Main.storyboard in Resources */ = {isa = PBXBuildFile; fileRef = 7A8C082319D6268500E7FBC6 /* Main.storyboard */; };
		7A8C082719D6268500E7FBC6 /* Images.xcassets in Resources */ = {isa = PBXBuildFile; fileRef = 7A8C082619D6268500E7FBC6 /* Images.xcassets */; };
		7A8C082A19D6268500E7FBC6 /* LaunchScreen.xib in Resources */ = {isa = PBXBuildFile; fileRef = 7A8C082819D6268500E7FBC6 /* LaunchScreen.xib */; };
		7A8C083619D6268500E7FBC6 /* TwitterMobileTests.swift in Sources */ = {isa = PBXBuildFile; fileRef = 7A8C083519D6268500E7FBC6 /* TwitterMobileTests.swift */; };
/* End PBXBuildFile section */

/* Begin PBXContainerItemProxy section */
		7A8C083019D6268500E7FBC6 /* PBXContainerItemProxy */ = {
			isa = PBXContainerItemProxy;
			containerPortal = 7A8C081219D6268500E7FBC6 /* Project object */;
			proxyType = 1;
			remoteGlobalIDString = 7A8C081919D6268500E7FBC6;
			remoteInfo = TwitterMobile;
		};
/* End PBXContainerItemProxy section */

/* Begin PBXFileReference section */
		7A8C081A19D6268500E7FBC6 /* TwitterMobile.app */ = {isa = PBXFileReference; explicitFileType = wrapper.application; includeInIndex = 0; path = TwitterMobile.app; sourceTree = BUILT_PRODUCTS_DIR; };
		7A8C081E19D6268500E7FBC6 /* Info.plist */ = {isa = PBXFileReference; lastKnownFileType = text.plist.xml; path = Info.plist; sourceTree = "<group>"; };
		7A8C081F19D6268500E7FBC6 /* AppDelegate.swift */ = {isa = PBXFileReference; lastKnownFileType = sourcecode.swift; path = AppDelegate.swift; sourceTree = "<group>"; };
		7A8C082119D6268500E7FBC6 /* ViewController.swift */ = {isa = PBXFileReference; lastKnownFileType = sourcecode.swift; path = ViewController.swift; sourceTree = "<group>"; };
		7A8C082419D6268500E7FBC6 /* Base */ = {isa = PBXFileReference; lastKnownFileType = file.storyboard; name = Base; path = Base.lproj/Main.storyboard; sourceTree = "<group>"; };
		7A8C082619D6268500E7FBC6 /* Images.xcassets */ = {isa = PBXFileReference; lastKnownFileType = folder.assetcatalog; path = Images.xcassets; sourceTree = "<group>"; };
		7A8C082919D6268500E7FBC6 /* Base */ = {isa = PBXFileReference; lastKnownFileType = file.xib; name = Base; path = Base.lproj/LaunchScreen.xib; sourceTree = "<group>"; };
		7A8C082F19D6268500E7FBC6 /* TwitterMobileTests.xctest */ = {isa = PBXFileReference; explicitFileType = wrapper.cfbundle; includeInIndex = 0; path = TwitterMobileTests.xctest; sourceTree = BUILT_PRODUCTS_DIR; };
		7A8C083419D6268500E7FBC6 /* Info.plist */ = {isa = PBXFileReference; lastKnownFileType = text.plist.xml; path = Info.plist; sourceTree = "<group>"; };
		7A8C083519D6268500E7FBC6 /* TwitterMobileTests.swift */ = {isa = PBXFileReference; lastKnownFileType = sourcecode.swift; path = TwitterMobileTests.swift; sourceTree = "<group>"; };
/* End PBXFileReference section */

/* Begin PBXFrameworksBuildPhase section */
		7A8C081719D6268500E7FBC6 /* Frameworks */ = {
			isa = PBXFrameworksBuildPhase;
			buildActionMask = 2147483647;
			files = (
			);
			runOnlyForDeploymentPostprocessing = 0;
		};
		7A8C082C19D6268500E7FBC6 /* Frameworks */ = {
			isa = PBXFrameworksBuildPhase;
			buildActionMask = 2147483647;
			files = (
			);
			runOnlyForDeploymentPostprocessing = 0;
		};
/* End PBXFrameworksBuildPhase section */

/* Begin PBXGroup section */
		7A8C081119D6268500E7FBC6 = {
			isa = PBXGroup;
			children = (
				7A8C081C19D6268500E7FBC6 /* TwitterMobile */,
				7A8C083219D6268500E7FBC6 /* TwitterMobileTests */,
				7A8C081B19D6268500E7FBC6 /* Products */,
			);
			sourceTree = "<group>";
		};
		7A8C081B19D6268500E7FBC6 /* Products */ = {
			isa = PBXGroup;
			children = (
				7A8C081A19D6268500E7FBC6 /* TwitterMobile.app */,
				7A8C082F19D6268500E7FBC6 /* TwitterMobileTests.xctest */,
			);
			name = Products;
			sourceTree = "<group>";
		};
		7A8C081C19D6268500E7FBC6 /* TwitterMobile */ = {
			isa = PBXGroup;
			children = (
				7A8C081F19D6268500E7FBC6 /* AppDelegate.swift */,
				7A8C082119D6268500E7FBC6 /* ViewController.swift */,
				7A8C082319D6268500E7FBC6 /* Main.storyboard */,
				7A8C082619D6268500E7FBC6 /* Images.xcassets */,
				7A8C082819D6268500E7FBC6 /* LaunchScreen.xib */,
				7A8C081D19D6268500E7FBC6 /* Supporting Files */,
			);
			path = TwitterMobile;
			sourceTree = "<group>";
		};
		7A8C081D19D6268500E7FBC6 /* Supporting Files */ = {
			isa = PBXGroup;
			children = (
				7A8C081E19D6268500E7FBC6 /* Info.plist */,
			);
			name = "Supporting Files";
			sourceTree = "<group>";
		};
		7A8C083219D6268500E7FBC6 /* TwitterMobileTests */ = {
			isa = PBXGroup;
			children = (
				7A8C083519D6268500E7FBC6 /* TwitterMobileTests.swift */,
				7A8C083319D6268500E7FBC6 /* Supporting Files */,
			);
			path = TwitterMobileTests;
			sourceTree = "<group>";
		};
		7A8C083319D6268500E7FBC6 /* Supporting Files */ = {
			isa = PBXGroup;
			children = (
				7A8C083419D6268500E7FBC6 /* Info.plist */,
			);
			name = "Supporting Files";
			sourceTree = "<group>";
		};
/* End PBXGroup section */

/* Begin PBXNativeTarget section */
		7A8C081919D6268500E7FBC6 /* TwitterMobile */ = {
			isa = PBXNativeTarget;
			buildConfigurationList = 7A8C083919D6268500E7FBC6 /* Build configuration list for PBXNativeTarget "TwitterMobile" */;
			buildPhases = (
				7A8C081619D6268500E7FBC6 /* Sources */,
				7A8C081719D6268500E7FBC6 /* Frameworks */,
				7A8C081819D6268500E7FBC6 /* Resources */,
			);
			buildRules = (
			);
			dependencies = (
			);
			name = TwitterMobile;
			productName = TwitterMobile;
			productReference = 7A8C081A19D6268500E7FBC6 /* TwitterMobile.app */;
			productType = "com.apple.product-type.application";
		};
		7A8C082E19D6268500E7FBC6 /* TwitterMobileTests */ = {
			isa = PBXNativeTarget;
			buildConfigurationList = 7A8C083C19D6268500E7FBC6 /* Build configuration list for PBXNativeTarget "TwitterMobileTests" */;
			buildPhases = (
				7A8C082B19D6268500E7FBC6 /* Sources */,
				7A8C082C19D6268500E7FBC6 /* Frameworks */,
				7A8C082D19D6268500E7FBC6 /* Resources */,
			);
			buildRules = (
			);
			dependencies = (
				7A8C083119D6268500E7FBC6 /* PBXTargetDependency */,
			);
			name = TwitterMobileTests;
			productName = TwitterMobileTests;
			productReference = 7A8C082F19D6268500E7FBC6 /* TwitterMobileTests.xctest */;
			productType = "com.apple.product-type.bundle.unit-test";
		};
/* End PBXNativeTarget section */

/* Begin PBXProject section */
		7A8C081219D6268500E7FBC6 /* Project object */ = {
			isa = PBXProject;
			attributes = {
				LastUpgradeCheck = 0600;
				ORGANIZATIONNAME = Scott;
				TargetAttributes = {
					7A8C081919D6268500E7FBC6 = {
						CreatedOnToolsVersion = 6.0;
					};
					7A8C082E19D6268500E7FBC6 = {
						CreatedOnToolsVersion = 6.0;
						TestTargetID = 7A8C081919D6268500E7FBC6;
					};
				};
			};
			buildConfigurationList = 7A8C081519D6268500E7FBC6 /* Build configuration list for PBXProject "TwitterMobile" */;
			compatibilityVersion = "Xcode 3.2";
			developmentRegion = English;
			hasScannedForEncodings = 0;
			knownRegions = (
				en,
				Base,
			);
			mainGroup = 7A8C081119D6268500E7FBC6;
			productRefGroup = 7A8C081B19D6268500E7FBC6 /* Products */;
			projectDirPath = "";
			projectRoot = "";
			targets = (
				7A8C081919D6268500E7FBC6 /* TwitterMobile */,
				7A8C082E19D6268500E7FBC6 /* TwitterMobileTests */,
			);
		};
/* End PBXProject section */

/* Begin PBXResourcesBuildPhase section */
		7A8C081819D6268500E7FBC6 /* Resources */ = {
			isa = PBXResourcesBuildPhase;
			buildActionMask = 2147483647;
			files = (
				7A8C082519D6268500E7FBC6 /* Main.storyboard in Resources */,
				7A8C082A19D6268500E7FBC6 /* LaunchScreen.xib in Resources */,
				7A8C082719D6268500E7FBC6 /* Images.xcassets in Resources */,
			);
			runOnlyForDeploymentPostprocessing = 0;
		};
		7A8C082D19D6268500E7FBC6 /* Resources */ = {
			isa = PBXResourcesBuildPhase;
			buildActionMask = 2147483647;
			files = (
			);
			runOnlyForDeploymentPostprocessing = 0;
		};
/* End PBXResourcesBuildPhase section */

/* Begin PBXSourcesBuildPhase section */
		7A8C081619D6268500E7FBC6 /* Sources */ = {
			isa = PBXSourcesBuildPhase;
			buildActionMask = 2147483647;
			files = (
				7A8C082219D6268500E7FBC6 /* ViewController.swift in Sources */,
				7A8C082019D6268500E7FBC6 /* AppDelegate.swift in Sources */,
			);
			runOnlyForDeploymentPostprocessing = 0;
		};
		7A8C082B19D6268500E7FBC6 /* Sources */ = {
			isa = PBXSourcesBuildPhase;
			buildActionMask = 2147483647;
			files = (
				7A8C083619D6268500E7FBC6 /* TwitterMobileTests.swift in Sources */,
			);
			runOnlyForDeploymentPostprocessing = 0;
		};
/* End PBXSourcesBuildPhase section */

/* Begin PBXTargetDependency section */
		7A8C083119D6268500E7FBC6 /* PBXTargetDependency */ = {
			isa = PBXTargetDependency;
			target = 7A8C081919D6268500E7FBC6 /* TwitterMobile */;
			targetProxy = 7A8C083019D6268500E7FBC6 /* PBXContainerItemProxy */;
		};
/* End PBXTargetDependency section */

/* Begin PBXVariantGroup section */
		7A8C082319D6268500E7FBC6 /* Main.storyboard */ = {
			isa = PBXVariantGroup;
			children = (
				7A8C082419D6268500E7FBC6 /* Base */,
			);
			name = Main.storyboard;
			sourceTree = "<group>";
		};
		7A8C082819D6268500E7FBC6 /* LaunchScreen.xib */ = {
			isa = PBXVariantGroup;
			children = (
				7A8C082919D6268500E7FBC6 /* Base */,
			);
			name = LaunchScreen.xib;
			sourceTree = "<group>";
		};
/* End PBXVariantGroup section */

/* Begin XCBuildConfiguration section */
		7A8C083719D6268500E7FBC6 /* Debug */ = {
			isa = XCBuildConfiguration;
			buildSettings = {
				ALWAYS_SEARCH_USER_PATHS = NO;
				CLANG_CXX_LANGUAGE_STANDARD = "gnu++0x";
				CLANG_CXX_LIBRARY = "libc++";
				CLANG_ENABLE_MODULES = YES;
				CLANG_ENABLE_OBJC_ARC = YES;
				CLANG_WARN_BOOL_CONVERSION = YES;
				CLANG_WARN_CONSTANT_CONVERSION = YES;
				CLANG_WARN_DIRECT_OBJC_ISA_USAGE = YES_ERROR;
				CLANG_WARN_EMPTY_BODY = YES;
				CLANG_WARN_ENUM_CONVERSION = YES;
				CLANG_WARN_INT_CONVERSION = YES;
				CLANG_WARN_OBJC_ROOT_CLASS = YES_ERROR;
				CLANG_WARN_UNREACHABLE_CODE = YES;
				CLANG_WARN__DUPLICATE_METHOD_MATCH = YES;
				"CODE_SIGN_IDENTITY[sdk=iphoneos*]" = "iPhone Developer";
				COPY_PHASE_STRIP = NO;
				ENABLE_STRICT_OBJC_MSGSEND = YES;
				GCC_C_LANGUAGE_STANDARD = gnu99;
				GCC_DYNAMIC_NO_PIC = NO;
				GCC_OPTIMIZATION_LEVEL = 0;
				GCC_PREPROCESSOR_DEFINITIONS = (
					"DEBUG=1",
					"$(inherited)",
				);
				GCC_SYMBOLS_PRIVATE_EXTERN = NO;
				GCC_WARN_64_TO_32_BIT_CONVERSION = YES;
				GCC_WARN_ABOUT_RETURN_TYPE = YES_ERROR;
				GCC_WARN_UNDECLARED_SELECTOR = YES;
				GCC_WARN_UNINITIALIZED_AUTOS = YES_AGGRESSIVE;
				GCC_WARN_UNUSED_FUNCTION = YES;
				GCC_WARN_UNUSED_VARIABLE = YES;
				IPHONEOS_DEPLOYMENT_TARGET = 8.0;
				MTL_ENABLE_DEBUG_INFO = YES;
				ONLY_ACTIVE_ARCH = YES;
				SDKROOT = iphoneos;
				SWIFT_OPTIMIZATION_LEVEL = "-Onone";
			};
			name = Debug;
		};
		7A8C083819D6268500E7FBC6 /* Release */ = {
			isa = XCBuildConfiguration;
			buildSettings = {
				ALWAYS_SEARCH_USER_PATHS = NO;
				CLANG_CXX_LANGUAGE_STANDARD = "gnu++0x";
				CLANG_CXX_LIBRARY = "libc++";
				CLANG_ENABLE_MODULES = YES;
				CLANG_ENABLE_OBJC_ARC = YES;
				CLANG_WARN_BOOL_CONVERSION = YES;
				CLANG_WARN_CONSTANT_CONVERSION = YES;
				CLANG_WARN_DIRECT_OBJC_ISA_USAGE = YES_ERROR;
				CLANG_WARN_EMPTY_BODY = YES;
				CLANG_WARN_ENUM_CONVERSION = YES;
				CLANG_WARN_INT_CONVERSION = YES;
				CLANG_WARN_OBJC_ROOT_CLASS = YES_ERROR;
				CLANG_WARN_UNREACHABLE_CODE = YES;
				CLANG_WARN__DUPLICATE_METHOD_MATCH = YES;
				"CODE_SIGN_IDENTITY[sdk=iphoneos*]" = "iPhone Developer";
				COPY_PHASE_STRIP = YES;
				ENABLE_NS_ASSERTIONS = NO;
				ENABLE_STRICT_OBJC_MSGSEND = YES;
				GCC_C_LANGUAGE_STANDARD = gnu99;
				GCC_WARN_64_TO_32_BIT_CONVERSION = YES;
				GCC_WARN_ABOUT_RETURN_TYPE = YES_ERROR;
				GCC_WARN_UNDECLARED_SELECTOR = YES;
				GCC_WARN_UNINITIALIZED_AUTOS = YES_AGGRESSIVE;
				GCC_WARN_UNUSED_FUNCTION = YES;
				GCC_WARN_UNUSED_VARIABLE = YES;
				IPHONEOS_DEPLOYMENT_TARGET = 8.0;
				MTL_ENABLE_DEBUG_INFO = NO;
				SDKROOT = iphoneos;
				VALIDATE_PRODUCT = YES;
			};
			name = Release;
		};
		7A8C083A19D6268500E7FBC6 /* Debug */ = {
			isa = XCBuildConfiguration;
			buildSettings = {
				ASSETCATALOG_COMPILER_APPICON_NAME = AppIcon;
				INFOPLIST_FILE = TwitterMobile/Info.plist;
				LD_RUNPATH_SEARCH_PATHS = "$(inherited) @executable_path/Frameworks";
				PRODUCT_NAME = "$(TARGET_NAME)";
			};
			name = Debug;
		};
		7A8C083B19D6268500E7FBC6 /* Release */ = {
			isa = XCBuildConfiguration;
			buildSettings = {
				ASSETCATALOG_COMPILER_APPICON_NAME = AppIcon;
				INFOPLIST_FILE = TwitterMobile/Info.plist;
				LD_RUNPATH_SEARCH_PATHS = "$(inherited) @executable_path/Frameworks";
				PRODUCT_NAME = "$(TARGET_NAME)";
			};
			name = Release;
		};
		7A8C083D19D6268500E7FBC6 /* Debug */ = {
			isa = XCBuildConfiguration;
			buildSettings = {
				BUNDLE_LOADER = "$(TEST_HOST)";
				FRAMEWORK_SEARCH_PATHS = (
					"$(SDKROOT)/Developer/Library/Frameworks",
					"$(inherited)",
				);
				GCC_PREPROCESSOR_DEFINITIONS = (
					"DEBUG=1",
					"$(inherited)",
				);
				INFOPLIST_FILE = TwitterMobileTests/Info.plist;
				LD_RUNPATH_SEARCH_PATHS = "$(inherited) @executable_path/Frameworks @loader_path/Frameworks";
				PRODUCT_NAME = "$(TARGET_NAME)";
				TEST_HOST = "$(BUILT_PRODUCTS_DIR)/TwitterMobile.app/TwitterMobile";
			};
			name = Debug;
		};
		7A8C083E19D6268500E7FBC6 /* Release */ = {
			isa = XCBuildConfiguration;
			buildSettings = {
				BUNDLE_LOADER = "$(TEST_HOST)";
				FRAMEWORK_SEARCH_PATHS = (
					"$(SDKROOT)/Developer/Library/Frameworks",
					"$(inherited)",
				);
				INFOPLIST_FILE = TwitterMobileTests/Info.plist;
				LD_RUNPATH_SEARCH_PATHS = "$(inherited) @executable_path/Frameworks @loader_path/Frameworks";
				PRODUCT_NAME = "$(TARGET_NAME)";
				TEST_HOST = "$(BUILT_PRODUCTS_DIR)/TwitterMobile.app/TwitterMobile";
			};
			name = Release;
		};
/* End XCBuildConfiguration section */

/* Begin XCConfigurationList section */
		7A8C081519D6268500E7FBC6 /* Build configuration list for PBXProject "TwitterMobile" */ = {
			isa = XCConfigurationList;
			buildConfigurations = (
				7A8C083719D6268500E7FBC6 /* Debug */,
				7A8C083819D6268500E7FBC6 /* Release */,
			);
			defaultConfigurationIsVisible = 0;
			defaultConfigurationName = Release;
		};
		7A8C083919D6268500E7FBC6 /* Build configuration list for PBXNativeTarget "TwitterMobile" */ = {
			isa = XCConfigurationList;
			buildConfigurations = (
				7A8C083A19D6268500E7FBC6 /* Debug */,
				7A8C083B19D6268500E7FBC6 /* Release */,
			);
			defaultConfigurationIsVisible = 0;
		};
		7A8C083C19D6268500E7FBC6 /* Build configuration list for PBXNativeTarget "TwitterMobileTests" */ = {
			isa = XCConfigurationList;
			buildConfigurations = (
				7A8C083D19D6268500E7FBC6 /* Debug */,
				7A8C083E19D6268500E7FBC6 /* Release */,
			);
			defaultConfigurationIsVisible = 0;
		};
/* End XCConfigurationList section */
	};
	rootObject = 7A8C081219D6268500E7FBC6 /* Project object */;
}
